
Microsoft Visual Studio Solution File, Format Version 12.00
# Visual Studio Version 17
VisualStudioVersion = 17.9.34622.214
MinimumVisualStudioVersion = 10.0.40219.1
Project("{FAE04EC0-301F-11D3-BF4B-00C04F79EFBC}") = "eggsvyn2", "eggsvyn2\eggsvyn2.csproj", "{9C120F39-1267-453A-A451-859F0E0BF937}"
EndProject
Global
	GlobalSection(SolutionConfigurationPlatforms) = preSolution
		Debug|Any CPU = Debug|Any CPU
		Release|Any CPU = Release|Any CPU
	EndGlobalSection
	GlobalSection(ProjectConfigurationPlatforms) = postSolution
		{9C120F39-1267-453A-A451-859F0E0BF937}.Debug|Any CPU.ActiveCfg = Debug|Any CPU
		{9C120F39-1267-453A-A451-859F0E0BF937}.Debug|Any CPU.Build.0 = Debug|Any CPU
		{9C120F39-1267-453A-A451-859F0E0BF937}.Release|Any CPU.ActiveCfg = Release|Any CPU
		{9C120F39-1267-453A-A451-859F0E0BF937}.Release|Any CPU.Build.0 = Release|Any CPU
	EndGlobalSection
	GlobalSection(SolutionProperties) = preSolution
		HideSolutionNode = FALSE
	EndGlobalSection
	GlobalSection(ExtensibilityGlobals) = postSolution
		SolutionGuid = {91AD78DB-47DA-4263-9251-4F679ABAA273}
	EndGlobalSection
EndGlobal
